
Microsoft Visual Studio Solution File, Format Version 12.00
# Visual Studio Version 16
VisualStudioVersion = 16.0.30225.117
MinimumVisualStudioVersion = 10.0.40219.1
Project("{9A19103F-16F7-4668-BE54-9A1E7A4F7556}") = "Excersize", "Excersize\Excersize.csproj", "{9FDA08FF-1E7E-45D8-9A11-F5DB18D44D4D}"
EndProject
Project("{9A19103F-16F7-4668-BE54-9A1E7A4F7556}") = "Testing", "Testing\Testing.csproj", "{1E3108C7-620C-497E-9D35-3CFEE7A77D3D}"
EndProject
Project("{9A19103F-16F7-4668-BE54-9A1E7A4F7556}") = "ParserProject", "ParserProject\ParserProject.csproj", "{ED00801D-69E6-43EC-B426-2393CEAD1709}"
EndProject
Project("{FAE04EC0-301F-11D3-BF4B-00C04F79EFBC}") = "WriteOutTree", "WriteOutTree\WriteOutTree.csproj", "{C5577C7C-AAC0-42AA-9302-DD39DED44EC1}"
EndProject
Global
	GlobalSection(SolutionConfigurationPlatforms) = preSolution
		Debug|Any CPU = Debug|Any CPU
		Release|Any CPU = Release|Any CPU
	EndGlobalSection
	GlobalSection(ProjectConfigurationPlatforms) = postSolution
		{9FDA08FF-1E7E-45D8-9A11-F5DB18D44D4D}.Debug|Any CPU.ActiveCfg = Debug|Any CPU
		{9FDA08FF-1E7E-45D8-9A11-F5DB18D44D4D}.Debug|Any CPU.Build.0 = Debug|Any CPU
		{9FDA08FF-1E7E-45D8-9A11-F5DB18D44D4D}.Release|Any CPU.ActiveCfg = Release|Any CPU
		{9FDA08FF-1E7E-45D8-9A11-F5DB18D44D4D}.Release|Any CPU.Build.0 = Release|Any CPU
		{1E3108C7-620C-497E-9D35-3CFEE7A77D3D}.Debug|Any CPU.ActiveCfg = Debug|Any CPU
		{1E3108C7-620C-497E-9D35-3CFEE7A77D3D}.Debug|Any CPU.Build.0 = Debug|Any CPU
		{1E3108C7-620C-497E-9D35-3CFEE7A77D3D}.Release|Any CPU.ActiveCfg = Release|Any CPU
		{1E3108C7-620C-497E-9D35-3CFEE7A77D3D}.Release|Any CPU.Build.0 = Release|Any CPU
		{ED00801D-69E6-43EC-B426-2393CEAD1709}.Debug|Any CPU.ActiveCfg = Debug|Any CPU
		{ED00801D-69E6-43EC-B426-2393CEAD1709}.Debug|Any CPU.Build.0 = Debug|Any CPU
		{ED00801D-69E6-43EC-B426-2393CEAD1709}.Release|Any CPU.ActiveCfg = Release|Any CPU
		{ED00801D-69E6-43EC-B426-2393CEAD1709}.Release|Any CPU.Build.0 = Release|Any CPU
		{C5577C7C-AAC0-42AA-9302-DD39DED44EC1}.Debug|Any CPU.ActiveCfg = Debug|Any CPU
		{C5577C7C-AAC0-42AA-9302-DD39DED44EC1}.Debug|Any CPU.Build.0 = Debug|Any CPU
		{C5577C7C-AAC0-42AA-9302-DD39DED44EC1}.Release|Any CPU.ActiveCfg = Release|Any CPU
		{C5577C7C-AAC0-42AA-9302-DD39DED44EC1}.Release|Any CPU.Build.0 = Release|Any CPU
	EndGlobalSection
	GlobalSection(SolutionProperties) = preSolution
		HideSolutionNode = FALSE
	EndGlobalSection
	GlobalSection(ExtensibilityGlobals) = postSolution
		SolutionGuid = {D6D1D7A8-EBAC-417F-87EB-389906012A5B}
	EndGlobalSection
EndGlobal
